
Microsoft Visual Studio Solution File, Format Version 12.00
# Visual Studio 15
VisualStudioVersion = 15.0.27428.2002
MinimumVisualStudioVersion = 10.0.40219.1
Project("{FAE04EC0-301F-11D3-BF4B-00C04F79EFBC}") = "Code9Xamarin.Android", "Code9Xamarin\Code9Xamarin.Android\Code9Xamarin.Android.csproj", "{99D4D68A-0A0F-4B1C-939A-08B3AA3AAC61}"
EndProject
Project("{FAE04EC0-301F-11D3-BF4B-00C04F79EFBC}") = "Code9Xamarin.iOS", "Code9Xamarin\Code9Xamarin.iOS\Code9Xamarin.iOS.csproj", "{1CA20579-B5BA-4983-98A7-94D021433F0D}"
EndProject
Project("{FAE04EC0-301F-11D3-BF4B-00C04F79EFBC}") = "Code9Xamarin.UWP", "Code9Xamarin\Code9Xamarin.UWP\Code9Xamarin.UWP.csproj", "{085ABC4F-F64C-4EE8-A051-85613D258774}"
EndProject
Project("{9A19103F-16F7-4668-BE54-9A1E7A4F7556}") = "Code9Xamarin", "Code9Xamarin\Code9Xamarin\Code9Xamarin.csproj", "{07B9193B-D7FA-42B8-9FC1-1AD81911C95E}"
EndProject
Project("{9A19103F-16F7-4668-BE54-9A1E7A4F7556}") = "Code9Xamarin.Core", "Code9Xamarin.Core\Code9Xamarin.Core.csproj", "{881DB3C5-E05E-467D-A89F-FD19CAB7E4CB}"
EndProject
Project("{2150E333-8FDC-42A3-9474-1A3956D46DE8}") = "Targets", "Targets", "{E5150BA8-1255-447F-A3BE-74ABC4C35C32}"
EndProject
Project("{9A19103F-16F7-4668-BE54-9A1E7A4F7556}") = "Code9Xamarin.ViewModels", "Code9Xamarin.ViewModels\Code9Xamarin.ViewModels.csproj", "{C78486D5-4892-441E-9321-74028365DC99}"
EndProject
Project("{9A19103F-16F7-4668-BE54-9A1E7A4F7556}") = "Code9Xamarin.Core.UnitTests", "Code9Xamarin.Core.UnitTests\Code9Xamarin.Core.UnitTests.csproj", "{7EAD8523-D552-4F37-AFBF-591B162596EF}"
EndProject
Project("{FAE04EC0-301F-11D3-BF4B-00C04F79EFBC}") = "Code9Xamarin.ViewModels.UnitTests", "Code9Xamarin.ViewModels.UnitTests\Code9Xamarin.ViewModels.UnitTests.csproj", "{1C81FBFE-3466-43EE-9FAC-BEA946E89337}"
EndProject
Global
	GlobalSection(SolutionConfigurationPlatforms) = preSolution
		Ad-Hoc|Any CPU = Ad-Hoc|Any CPU
		Ad-Hoc|ARM = Ad-Hoc|ARM
		Ad-Hoc|iPhone = Ad-Hoc|iPhone
		Ad-Hoc|iPhoneSimulator = Ad-Hoc|iPhoneSimulator
		Ad-Hoc|x64 = Ad-Hoc|x64
		Ad-Hoc|x86 = Ad-Hoc|x86
		AppStore|Any CPU = AppStore|Any CPU
		AppStore|ARM = AppStore|ARM
		AppStore|iPhone = AppStore|iPhone
		AppStore|iPhoneSimulator = AppStore|iPhoneSimulator
		AppStore|x64 = AppStore|x64
		AppStore|x86 = AppStore|x86
		Debug|Any CPU = Debug|Any CPU
		Debug|ARM = Debug|ARM
		Debug|iPhone = Debug|iPhone
		Debug|iPhoneSimulator = Debug|iPhoneSimulator
		Debug|x64 = Debug|x64
		Debug|x86 = Debug|x86
		Release|Any CPU = Release|Any CPU
		Release|ARM = Release|ARM
		Release|iPhone = Release|iPhone
		Release|iPhoneSimulator = Release|iPhoneSimulator
		Release|x64 = Release|x64
		Release|x86 = Release|x86
	EndGlobalSection
	GlobalSection(ProjectConfigurationPlatforms) = postSolution
		{99D4D68A-0A0F-4B1C-939A-08B3AA3AAC61}.Ad-Hoc|Any CPU.ActiveCfg = Release|Any CPU
		{99D4D68A-0A0F-4B1C-939A-08B3AA3AAC61}.Ad-Hoc|Any CPU.Build.0 = Release|Any CPU
		{99D4D68A-0A0F-4B1C-939A-08B3AA3AAC61}.Ad-Hoc|Any CPU.Deploy.0 = Release|Any CPU
		{99D4D68A-0A0F-4B1C-939A-08B3AA3AAC61}.Ad-Hoc|ARM.ActiveCfg = Release|Any CPU
		{99D4D68A-0A0F-4B1C-939A-08B3AA3AAC61}.Ad-Hoc|ARM.Build.0 = Release|Any CPU
		{99D4D68A-0A0F-4B1C-939A-08B3AA3AAC61}.Ad-Hoc|ARM.Deploy.0 = Release|Any CPU
		{99D4D68A-0A0F-4B1C-939A-08B3AA3AAC61}.Ad-Hoc|iPhone.ActiveCfg = Release|Any CPU
		{99D4D68A-0A0F-4B1C-939A-08B3AA3AAC61}.Ad-Hoc|iPhone.Build.0 = Release|Any CPU
		{99D4D68A-0A0F-4B1C-939A-08B3AA3AAC61}.Ad-Hoc|iPhone.Deploy.0 = Release|Any CPU
		{99D4D68A-0A0F-4B1C-939A-08B3AA3AAC61}.Ad-Hoc|iPhoneSimulator.ActiveCfg = Release|Any CPU
		{99D4D68A-0A0F-4B1C-939A-08B3AA3AAC61}.Ad-Hoc|iPhoneSimulator.Build.0 = Release|Any CPU
		{99D4D68A-0A0F-4B1C-939A-08B3AA3AAC61}.Ad-Hoc|iPhoneSimulator.Deploy.0 = Release|Any CPU
		{99D4D68A-0A0F-4B1C-939A-08B3AA3AAC61}.Ad-Hoc|x64.ActiveCfg = Release|Any CPU
		{99D4D68A-0A0F-4B1C-939A-08B3AA3AAC61}.Ad-Hoc|x64.Build.0 = Release|Any CPU
		{99D4D68A-0A0F-4B1C-939A-08B3AA3AAC61}.Ad-Hoc|x64.Deploy.0 = Release|Any CPU
		{99D4D68A-0A0F-4B1C-939A-08B3AA3AAC61}.Ad-Hoc|x86.ActiveCfg = Release|Any CPU
		{99D4D68A-0A0F-4B1C-939A-08B3AA3AAC61}.Ad-Hoc|x86.Build.0 = Release|Any CPU
		{99D4D68A-0A0F-4B1C-939A-08B3AA3AAC61}.Ad-Hoc|x86.Deploy.0 = Release|Any CPU
		{99D4D68A-0A0F-4B1C-939A-08B3AA3AAC61}.AppStore|Any CPU.ActiveCfg = Release|Any CPU
		{99D4D68A-0A0F-4B1C-939A-08B3AA3AAC61}.AppStore|Any CPU.Build.0 = Release|Any CPU
		{99D4D68A-0A0F-4B1C-939A-08B3AA3AAC61}.AppStore|Any CPU.Deploy.0 = Release|Any CPU
		{99D4D68A-0A0F-4B1C-939A-08B3AA3AAC61}.AppStore|ARM.ActiveCfg = Release|Any CPU
		{99D4D68A-0A0F-4B1C-939A-08B3AA3AAC61}.AppStore|ARM.Build.0 = Release|Any CPU
		{99D4D68A-0A0F-4B1C-939A-08B3AA3AAC61}.AppStore|ARM.Deploy.0 = Release|Any CPU
		{99D4D68A-0A0F-4B1C-939A-08B3AA3AAC61}.AppStore|iPhone.ActiveCfg = Release|Any CPU
		{99D4D68A-0A0F-4B1C-939A-08B3AA3AAC61}.AppStore|iPhone.Build.0 = Release|Any CPU
		{99D4D68A-0A0F-4B1C-939A-08B3AA3AAC61}.AppStore|iPhone.Deploy.0 = Release|Any CPU
		{99D4D68A-0A0F-4B1C-939A-08B3AA3AAC61}.AppStore|iPhoneSimulator.ActiveCfg = Release|Any CPU
		{99D4D68A-0A0F-4B1C-939A-08B3AA3AAC61}.AppStore|iPhoneSimulator.Build.0 = Release|Any CPU
		{99D4D68A-0A0F-4B1C-939A-08B3AA3AAC61}.AppStore|iPhoneSimulator.Deploy.0 = Release|Any CPU
		{99D4D68A-0A0F-4B1C-939A-08B3AA3AAC61}.AppStore|x64.ActiveCfg = Release|Any CPU
		{99D4D68A-0A0F-4B1C-939A-08B3AA3AAC61}.AppStore|x64.Build.0 = Release|Any CPU
		{99D4D68A-0A0F-4B1C-939A-08B3AA3AAC61}.AppStore|x64.Deploy.0 = Release|Any CPU
		{99D4D68A-0A0F-4B1C-939A-08B3AA3AAC61}.AppStore|x86.ActiveCfg = Release|Any CPU
		{99D4D68A-0A0F-4B1C-939A-08B3AA3AAC61}.AppStore|x86.Build.0 = Release|Any CPU
		{99D4D68A-0A0F-4B1C-939A-08B3AA3AAC61}.AppStore|x86.Deploy.0 = Release|Any CPU
		{99D4D68A-0A0F-4B1C-939A-08B3AA3AAC61}.Debug|Any CPU.ActiveCfg = Debug|Any CPU
		{99D4D68A-0A0F-4B1C-939A-08B3AA3AAC61}.Debug|Any CPU.Build.0 = Debug|Any CPU
		{99D4D68A-0A0F-4B1C-939A-08B3AA3AAC61}.Debug|Any CPU.Deploy.0 = Debug|Any CPU
		{99D4D68A-0A0F-4B1C-939A-08B3AA3AAC61}.Debug|ARM.ActiveCfg = Debug|Any CPU
		{99D4D68A-0A0F-4B1C-939A-08B3AA3AAC61}.Debug|ARM.Build.0 = Debug|Any CPU
		{99D4D68A-0A0F-4B1C-939A-08B3AA3AAC61}.Debug|ARM.Deploy.0 = Debug|Any CPU
		{99D4D68A-0A0F-4B1C-939A-08B3AA3AAC61}.Debug|iPhone.ActiveCfg = Debug|Any CPU
		{99D4D68A-0A0F-4B1C-939A-08B3AA3AAC61}.Debug|iPhone.Build.0 = Debug|Any CPU
		{99D4D68A-0A0F-4B1C-939A-08B3AA3AAC61}.Debug|iPhone.Deploy.0 = Debug|Any CPU
		{99D4D68A-0A0F-4B1C-939A-08B3AA3AAC61}.Debug|iPhoneSimulator.ActiveCfg = Debug|Any CPU
		{99D4D68A-0A0F-4B1C-939A-08B3AA3AAC61}.Debug|iPhoneSimulator.Build.0 = Debug|Any CPU
		{99D4D68A-0A0F-4B1C-939A-08B3AA3AAC61}.Debug|iPhoneSimulator.Deploy.0 = Debug|Any CPU
		{99D4D68A-0A0F-4B1C-939A-08B3AA3AAC61}.Debug|x64.ActiveCfg = Debug|Any CPU
		{99D4D68A-0A0F-4B1C-939A-08B3AA3AAC61}.Debug|x64.Build.0 = Debug|Any CPU
		{99D4D68A-0A0F-4B1C-939A-08B3AA3AAC61}.Debug|x64.Deploy.0 = Debug|Any CPU
		{99D4D68A-0A0F-4B1C-939A-08B3AA3AAC61}.Debug|x86.ActiveCfg = Debug|Any CPU
		{99D4D68A-0A0F-4B1C-939A-08B3AA3AAC61}.Debug|x86.Build.0 = Debug|Any CPU
		{99D4D68A-0A0F-4B1C-939A-08B3AA3AAC61}.Debug|x86.Deploy.0 = Debug|Any CPU
		{99D4D68A-0A0F-4B1C-939A-08B3AA3AAC61}.Release|Any CPU.ActiveCfg = Release|Any CPU
		{99D4D68A-0A0F-4B1C-939A-08B3AA3AAC61}.Release|Any CPU.Build.0 = Release|Any CPU
		{99D4D68A-0A0F-4B1C-939A-08B3AA3AAC61}.Release|Any CPU.Deploy.0 = Release|Any CPU
		{99D4D68A-0A0F-4B1C-939A-08B3AA3AAC61}.Release|ARM.ActiveCfg = Release|Any CPU
		{99D4D68A-0A0F-4B1C-939A-08B3AA3AAC61}.Release|ARM.Build.0 = Release|Any CPU
		{99D4D68A-0A0F-4B1C-939A-08B3AA3AAC61}.Release|ARM.Deploy.0 = Release|Any CPU
		{99D4D68A-0A0F-4B1C-939A-08B3AA3AAC61}.Release|iPhone.ActiveCfg = Release|Any CPU
		{99D4D68A-0A0F-4B1C-939A-08B3AA3AAC61}.Release|iPhone.Build.0 = Release|Any CPU
		{99D4D68A-0A0F-4B1C-939A-08B3AA3AAC61}.Release|iPhone.Deploy.0 = Release|Any CPU
		{99D4D68A-0A0F-4B1C-939A-08B3AA3AAC61}.Release|iPhoneSimulator.ActiveCfg = Release|Any CPU
		{99D4D68A-0A0F-4B1C-939A-08B3AA3AAC61}.Release|iPhoneSimulator.Build.0 = Release|Any CPU
		{99D4D68A-0A0F-4B1C-939A-08B3AA3AAC61}.Release|iPhoneSimulator.Deploy.0 = Release|Any CPU
		{99D4D68A-0A0F-4B1C-939A-08B3AA3AAC61}.Release|x64.ActiveCfg = Release|Any CPU
		{99D4D68A-0A0F-4B1C-939A-08B3AA3AAC61}.Release|x64.Build.0 = Release|Any CPU
		{99D4D68A-0A0F-4B1C-939A-08B3AA3AAC61}.Release|x64.Deploy.0 = Release|Any CPU
		{99D4D68A-0A0F-4B1C-939A-08B3AA3AAC61}.Release|x86.ActiveCfg = Release|Any CPU
		{99D4D68A-0A0F-4B1C-939A-08B3AA3AAC61}.Release|x86.Build.0 = Release|Any CPU
		{99D4D68A-0A0F-4B1C-939A-08B3AA3AAC61}.Release|x86.Deploy.0 = Release|Any CPU
		{1CA20579-B5BA-4983-98A7-94D021433F0D}.Ad-Hoc|Any CPU.ActiveCfg = Ad-Hoc|iPhone
		{1CA20579-B5BA-4983-98A7-94D021433F0D}.Ad-Hoc|ARM.ActiveCfg = Ad-Hoc|iPhone
		{1CA20579-B5BA-4983-98A7-94D021433F0D}.Ad-Hoc|iPhone.ActiveCfg = Ad-Hoc|iPhone
		{1CA20579-B5BA-4983-98A7-94D021433F0D}.Ad-Hoc|iPhone.Build.0 = Ad-Hoc|iPhone
		{1CA20579-B5BA-4983-98A7-94D021433F0D}.Ad-Hoc|iPhoneSimulator.ActiveCfg = Ad-Hoc|iPhoneSimulator
		{1CA20579-B5BA-4983-98A7-94D021433F0D}.Ad-Hoc|iPhoneSimulator.Build.0 = Ad-Hoc|iPhoneSimulator
		{1CA20579-B5BA-4983-98A7-94D021433F0D}.Ad-Hoc|x64.ActiveCfg = Ad-Hoc|iPhone
		{1CA20579-B5BA-4983-98A7-94D021433F0D}.Ad-Hoc|x86.ActiveCfg = Ad-Hoc|iPhone
		{1CA20579-B5BA-4983-98A7-94D021433F0D}.AppStore|Any CPU.ActiveCfg = AppStore|iPhone
		{1CA20579-B5BA-4983-98A7-94D021433F0D}.AppStore|ARM.ActiveCfg = AppStore|iPhone
		{1CA20579-B5BA-4983-98A7-94D021433F0D}.AppStore|iPhone.ActiveCfg = AppStore|iPhone
		{1CA20579-B5BA-4983-98A7-94D021433F0D}.AppStore|iPhone.Build.0 = AppStore|iPhone
		{1CA20579-B5BA-4983-98A7-94D021433F0D}.AppStore|iPhoneSimulator.ActiveCfg = AppStore|iPhoneSimulator
		{1CA20579-B5BA-4983-98A7-94D021433F0D}.AppStore|iPhoneSimulator.Build.0 = AppStore|iPhoneSimulator
		{1CA20579-B5BA-4983-98A7-94D021433F0D}.AppStore|x64.ActiveCfg = AppStore|iPhone
		{1CA20579-B5BA-4983-98A7-94D021433F0D}.AppStore|x86.ActiveCfg = AppStore|iPhone
		{1CA20579-B5BA-4983-98A7-94D021433F0D}.Debug|Any CPU.ActiveCfg = Debug|iPhone
		{1CA20579-B5BA-4983-98A7-94D021433F0D}.Debug|ARM.ActiveCfg = Debug|iPhone
		{1CA20579-B5BA-4983-98A7-94D021433F0D}.Debug|iPhone.ActiveCfg = Debug|iPhone
		{1CA20579-B5BA-4983-98A7-94D021433F0D}.Debug|iPhone.Build.0 = Debug|iPhone
		{1CA20579-B5BA-4983-98A7-94D021433F0D}.Debug|iPhoneSimulator.ActiveCfg = Debug|iPhoneSimulator
		{1CA20579-B5BA-4983-98A7-94D021433F0D}.Debug|iPhoneSimulator.Build.0 = Debug|iPhoneSimulator
		{1CA20579-B5BA-4983-98A7-94D021433F0D}.Debug|x64.ActiveCfg = Debug|iPhone
		{1CA20579-B5BA-4983-98A7-94D021433F0D}.Debug|x86.ActiveCfg = Debug|iPhone
		{1CA20579-B5BA-4983-98A7-94D021433F0D}.Release|Any CPU.ActiveCfg = Release|iPhone
		{1CA20579-B5BA-4983-98A7-94D021433F0D}.Release|ARM.ActiveCfg = Release|iPhone
		{1CA20579-B5BA-4983-98A7-94D021433F0D}.Release|iPhone.ActiveCfg = Release|iPhone
		{1CA20579-B5BA-4983-98A7-94D021433F0D}.Release|iPhone.Build.0 = Release|iPhone
		{1CA20579-B5BA-4983-98A7-94D021433F0D}.Release|iPhoneSimulator.ActiveCfg = Release|iPhoneSimulator
		{1CA20579-B5BA-4983-98A7-94D021433F0D}.Release|iPhoneSimulator.Build.0 = Release|iPhoneSimulator
		{1CA20579-B5BA-4983-98A7-94D021433F0D}.Release|x64.ActiveCfg = Release|iPhone
		{1CA20579-B5BA-4983-98A7-94D021433F0D}.Release|x86.ActiveCfg = Release|iPhone
		{085ABC4F-F64C-4EE8-A051-85613D258774}.Ad-Hoc|Any CPU.ActiveCfg = Release|x86
		{085ABC4F-F64C-4EE8-A051-85613D258774}.Ad-Hoc|Any CPU.Build.0 = Release|x86
		{085ABC4F-F64C-4EE8-A051-85613D258774}.Ad-Hoc|Any CPU.Deploy.0 = Release|x86
		{085ABC4F-F64C-4EE8-A051-85613D258774}.Ad-Hoc|ARM.ActiveCfg = Release|ARM
		{085ABC4F-F64C-4EE8-A051-85613D258774}.Ad-Hoc|ARM.Build.0 = Release|ARM
		{085ABC4F-F64C-4EE8-A051-85613D258774}.Ad-Hoc|ARM.Deploy.0 = Release|ARM
		{085ABC4F-F64C-4EE8-A051-85613D258774}.Ad-Hoc|iPhone.ActiveCfg = Release|x86
		{085ABC4F-F64C-4EE8-A051-85613D258774}.Ad-Hoc|iPhone.Build.0 = Release|x86
		{085ABC4F-F64C-4EE8-A051-85613D258774}.Ad-Hoc|iPhone.Deploy.0 = Release|x86
		{085ABC4F-F64C-4EE8-A051-85613D258774}.Ad-Hoc|iPhoneSimulator.ActiveCfg = Release|x86
		{085ABC4F-F64C-4EE8-A051-85613D258774}.Ad-Hoc|iPhoneSimulator.Build.0 = Release|x86
		{085ABC4F-F64C-4EE8-A051-85613D258774}.Ad-Hoc|iPhoneSimulator.Deploy.0 = Release|x86
		{085ABC4F-F64C-4EE8-A051-85613D258774}.Ad-Hoc|x64.ActiveCfg = Release|x64
		{085ABC4F-F64C-4EE8-A051-85613D258774}.Ad-Hoc|x64.Build.0 = Release|x64
		{085ABC4F-F64C-4EE8-A051-85613D258774}.Ad-Hoc|x64.Deploy.0 = Release|x64
		{085ABC4F-F64C-4EE8-A051-85613D258774}.Ad-Hoc|x86.ActiveCfg = Release|x86
		{085ABC4F-F64C-4EE8-A051-85613D258774}.Ad-Hoc|x86.Build.0 = Release|x86
		{085ABC4F-F64C-4EE8-A051-85613D258774}.Ad-Hoc|x86.Deploy.0 = Release|x86
		{085ABC4F-F64C-4EE8-A051-85613D258774}.AppStore|Any CPU.ActiveCfg = Release|x86
		{085ABC4F-F64C-4EE8-A051-85613D258774}.AppStore|Any CPU.Build.0 = Release|x86
		{085ABC4F-F64C-4EE8-A051-85613D258774}.AppStore|Any CPU.Deploy.0 = Release|x86
		{085ABC4F-F64C-4EE8-A051-85613D258774}.AppStore|ARM.ActiveCfg = Release|ARM
		{085ABC4F-F64C-4EE8-A051-85613D258774}.AppStore|ARM.Build.0 = Release|ARM
		{085ABC4F-F64C-4EE8-A051-85613D258774}.AppStore|ARM.Deploy.0 = Release|ARM
		{085ABC4F-F64C-4EE8-A051-85613D258774}.AppStore|iPhone.ActiveCfg = Release|x86
		{085ABC4F-F64C-4EE8-A051-85613D258774}.AppStore|iPhone.Build.0 = Release|x86
		{085ABC4F-F64C-4EE8-A051-85613D258774}.AppStore|iPhone.Deploy.0 = Release|x86
		{085ABC4F-F64C-4EE8-A051-85613D258774}.AppStore|iPhoneSimulator.ActiveCfg = Release|x86
		{085ABC4F-F64C-4EE8-A051-85613D258774}.AppStore|iPhoneSimulator.Build.0 = Release|x86
		{085ABC4F-F64C-4EE8-A051-85613D258774}.AppStore|iPhoneSimulator.Deploy.0 = Release|x86
		{085ABC4F-F64C-4EE8-A051-85613D258774}.AppStore|x64.ActiveCfg = Release|x64
		{085ABC4F-F64C-4EE8-A051-85613D258774}.AppStore|x64.Build.0 = Release|x64
		{085ABC4F-F64C-4EE8-A051-85613D258774}.AppStore|x64.Deploy.0 = Release|x64
		{085ABC4F-F64C-4EE8-A051-85613D258774}.AppStore|x86.ActiveCfg = Release|x86
		{085ABC4F-F64C-4EE8-A051-85613D258774}.AppStore|x86.Build.0 = Release|x86
		{085ABC4F-F64C-4EE8-A051-85613D258774}.AppStore|x86.Deploy.0 = Release|x86
		{085ABC4F-F64C-4EE8-A051-85613D258774}.Debug|Any CPU.ActiveCfg = Debug|x86
		{085ABC4F-F64C-4EE8-A051-85613D258774}.Debug|ARM.ActiveCfg = Debug|ARM
		{085ABC4F-F64C-4EE8-A051-85613D258774}.Debug|ARM.Build.0 = Debug|ARM
		{085ABC4F-F64C-4EE8-A051-85613D258774}.Debug|ARM.Deploy.0 = Debug|ARM
		{085ABC4F-F64C-4EE8-A051-85613D258774}.Debug|iPhone.ActiveCfg = Debug|x86
		{085ABC4F-F64C-4EE8-A051-85613D258774}.Debug|iPhoneSimulator.ActiveCfg = Debug|x86
		{085ABC4F-F64C-4EE8-A051-85613D258774}.Debug|x64.ActiveCfg = Debug|x64
		{085ABC4F-F64C-4EE8-A051-85613D258774}.Debug|x64.Build.0 = Debug|x64
		{085ABC4F-F64C-4EE8-A051-85613D258774}.Debug|x64.Deploy.0 = Debug|x64
		{085ABC4F-F64C-4EE8-A051-85613D258774}.Debug|x86.ActiveCfg = Debug|x86
		{085ABC4F-F64C-4EE8-A051-85613D258774}.Debug|x86.Build.0 = Debug|x86
		{085ABC4F-F64C-4EE8-A051-85613D258774}.Debug|x86.Deploy.0 = Debug|x86
		{085ABC4F-F64C-4EE8-A051-85613D258774}.Release|Any CPU.ActiveCfg = Release|x86
		{085ABC4F-F64C-4EE8-A051-85613D258774}.Release|ARM.ActiveCfg = Release|ARM
		{085ABC4F-F64C-4EE8-A051-85613D258774}.Release|ARM.Build.0 = Release|ARM
		{085ABC4F-F64C-4EE8-A051-85613D258774}.Release|ARM.Deploy.0 = Release|ARM
		{085ABC4F-F64C-4EE8-A051-85613D258774}.Release|iPhone.ActiveCfg = Release|x86
		{085ABC4F-F64C-4EE8-A051-85613D258774}.Release|iPhoneSimulator.ActiveCfg = Release|x86
		{085ABC4F-F64C-4EE8-A051-85613D258774}.Release|x64.ActiveCfg = Release|x64
		{085ABC4F-F64C-4EE8-A051-85613D258774}.Release|x64.Build.0 = Release|x64
		{085ABC4F-F64C-4EE8-A051-85613D258774}.Release|x64.Deploy.0 = Release|x64
		{085ABC4F-F64C-4EE8-A051-85613D258774}.Release|x86.ActiveCfg = Release|x86
		{085ABC4F-F64C-4EE8-A051-85613D258774}.Release|x86.Build.0 = Release|x86
		{085ABC4F-F64C-4EE8-A051-85613D258774}.Release|x86.Deploy.0 = Release|x86
		{07B9193B-D7FA-42B8-9FC1-1AD81911C95E}.Ad-Hoc|Any CPU.ActiveCfg = Debug|Any CPU
		{07B9193B-D7FA-42B8-9FC1-1AD81911C95E}.Ad-Hoc|Any CPU.Build.0 = Debug|Any CPU
		{07B9193B-D7FA-42B8-9FC1-1AD81911C95E}.Ad-Hoc|ARM.ActiveCfg = Debug|Any CPU
		{07B9193B-D7FA-42B8-9FC1-1AD81911C95E}.Ad-Hoc|ARM.Build.0 = Debug|Any CPU
		{07B9193B-D7FA-42B8-9FC1-1AD81911C95E}.Ad-Hoc|iPhone.ActiveCfg = Debug|Any CPU
		{07B9193B-D7FA-42B8-9FC1-1AD81911C95E}.Ad-Hoc|iPhone.Build.0 = Debug|Any CPU
		{07B9193B-D7FA-42B8-9FC1-1AD81911C95E}.Ad-Hoc|iPhoneSimulator.ActiveCfg = Debug|Any CPU
		{07B9193B-D7FA-42B8-9FC1-1AD81911C95E}.Ad-Hoc|iPhoneSimulator.Build.0 = Debug|Any CPU
		{07B9193B-D7FA-42B8-9FC1-1AD81911C95E}.Ad-Hoc|x64.ActiveCfg = Debug|Any CPU
		{07B9193B-D7FA-42B8-9FC1-1AD81911C95E}.Ad-Hoc|x64.Build.0 = Debug|Any CPU
		{07B9193B-D7FA-42B8-9FC1-1AD81911C95E}.Ad-Hoc|x86.ActiveCfg = Debug|Any CPU
		{07B9193B-D7FA-42B8-9FC1-1AD81911C95E}.Ad-Hoc|x86.Build.0 = Debug|Any CPU
		{07B9193B-D7FA-42B8-9FC1-1AD81911C95E}.AppStore|Any CPU.ActiveCfg = Debug|Any CPU
		{07B9193B-D7FA-42B8-9FC1-1AD81911C95E}.AppStore|Any CPU.Build.0 = Debug|Any CPU
		{07B9193B-D7FA-42B8-9FC1-1AD81911C95E}.AppStore|ARM.ActiveCfg = Debug|Any CPU
		{07B9193B-D7FA-42B8-9FC1-1AD81911C95E}.AppStore|ARM.Build.0 = Debug|Any CPU
		{07B9193B-D7FA-42B8-9FC1-1AD81911C95E}.AppStore|iPhone.ActiveCfg = Debug|Any CPU
		{07B9193B-D7FA-42B8-9FC1-1AD81911C95E}.AppStore|iPhone.Build.0 = Debug|Any CPU
		{07B9193B-D7FA-42B8-9FC1-1AD81911C95E}.AppStore|iPhoneSimulator.ActiveCfg = Debug|Any CPU
		{07B9193B-D7FA-42B8-9FC1-1AD81911C95E}.AppStore|iPhoneSimulator.Build.0 = Debug|Any CPU
		{07B9193B-D7FA-42B8-9FC1-1AD81911C95E}.AppStore|x64.ActiveCfg = Debug|Any CPU
		{07B9193B-D7FA-42B8-9FC1-1AD81911C95E}.AppStore|x64.Build.0 = Debug|Any CPU
		{07B9193B-D7FA-42B8-9FC1-1AD81911C95E}.AppStore|x86.ActiveCfg = Debug|Any CPU
		{07B9193B-D7FA-42B8-9FC1-1AD81911C95E}.AppStore|x86.Build.0 = Debug|Any CPU
		{07B9193B-D7FA-42B8-9FC1-1AD81911C95E}.Debug|Any CPU.ActiveCfg = Debug|Any CPU
		{07B9193B-D7FA-42B8-9FC1-1AD81911C95E}.Debug|Any CPU.Build.0 = Debug|Any CPU
		{07B9193B-D7FA-42B8-9FC1-1AD81911C95E}.Debug|ARM.ActiveCfg = Debug|Any CPU
		{07B9193B-D7FA-42B8-9FC1-1AD81911C95E}.Debug|ARM.Build.0 = Debug|Any CPU
		{07B9193B-D7FA-42B8-9FC1-1AD81911C95E}.Debug|iPhone.ActiveCfg = Debug|Any CPU
		{07B9193B-D7FA-42B8-9FC1-1AD81911C95E}.Debug|iPhone.Build.0 = Debug|Any CPU
		{07B9193B-D7FA-42B8-9FC1-1AD81911C95E}.Debug|iPhoneSimulator.ActiveCfg = Debug|Any CPU
		{07B9193B-D7FA-42B8-9FC1-1AD81911C95E}.Debug|iPhoneSimulator.Build.0 = Debug|Any CPU
		{07B9193B-D7FA-42B8-9FC1-1AD81911C95E}.Debug|x64.ActiveCfg = Debug|Any CPU
		{07B9193B-D7FA-42B8-9FC1-1AD81911C95E}.Debug|x64.Build.0 = Debug|Any CPU
		{07B9193B-D7FA-42B8-9FC1-1AD81911C95E}.Debug|x86.ActiveCfg = Debug|Any CPU
		{07B9193B-D7FA-42B8-9FC1-1AD81911C95E}.Debug|x86.Build.0 = Debug|Any CPU
		{07B9193B-D7FA-42B8-9FC1-1AD81911C95E}.Release|Any CPU.ActiveCfg = Release|Any CPU
		{07B9193B-D7FA-42B8-9FC1-1AD81911C95E}.Release|Any CPU.Build.0 = Release|Any CPU
		{07B9193B-D7FA-42B8-9FC1-1AD81911C95E}.Release|ARM.ActiveCfg = Release|Any CPU
		{07B9193B-D7FA-42B8-9FC1-1AD81911C95E}.Release|ARM.Build.0 = Release|Any CPU
		{07B9193B-D7FA-42B8-9FC1-1AD81911C95E}.Release|iPhone.ActiveCfg = Release|Any CPU
		{07B9193B-D7FA-42B8-9FC1-1AD81911C95E}.Release|iPhone.Build.0 = Release|Any CPU
		{07B9193B-D7FA-42B8-9FC1-1AD81911C95E}.Release|iPhoneSimulator.ActiveCfg = Release|Any CPU
		{07B9193B-D7FA-42B8-9FC1-1AD81911C95E}.Release|iPhoneSimulator.Build.0 = Release|Any CPU
		{07B9193B-D7FA-42B8-9FC1-1AD81911C95E}.Release|x64.ActiveCfg = Release|Any CPU
		{07B9193B-D7FA-42B8-9FC1-1AD81911C95E}.Release|x64.Build.0 = Release|Any CPU
		{07B9193B-D7FA-42B8-9FC1-1AD81911C95E}.Release|x86.ActiveCfg = Release|Any CPU
		{07B9193B-D7FA-42B8-9FC1-1AD81911C95E}.Release|x86.Build.0 = Release|Any CPU
		{881DB3C5-E05E-467D-A89F-FD19CAB7E4CB}.Ad-Hoc|Any CPU.ActiveCfg = Debug|Any CPU
		{881DB3C5-E05E-467D-A89F-FD19CAB7E4CB}.Ad-Hoc|Any CPU.Build.0 = Debug|Any CPU
		{881DB3C5-E05E-467D-A89F-FD19CAB7E4CB}.Ad-Hoc|ARM.ActiveCfg = Debug|Any CPU
		{881DB3C5-E05E-467D-A89F-FD19CAB7E4CB}.Ad-Hoc|ARM.Build.0 = Debug|Any CPU
		{881DB3C5-E05E-467D-A89F-FD19CAB7E4CB}.Ad-Hoc|iPhone.ActiveCfg = Debug|Any CPU
		{881DB3C5-E05E-467D-A89F-FD19CAB7E4CB}.Ad-Hoc|iPhone.Build.0 = Debug|Any CPU
		{881DB3C5-E05E-467D-A89F-FD19CAB7E4CB}.Ad-Hoc|iPhoneSimulator.ActiveCfg = Debug|Any CPU
		{881DB3C5-E05E-467D-A89F-FD19CAB7E4CB}.Ad-Hoc|iPhoneSimulator.Build.0 = Debug|Any CPU
		{881DB3C5-E05E-467D-A89F-FD19CAB7E4CB}.Ad-Hoc|x64.ActiveCfg = Debug|Any CPU
		{881DB3C5-E05E-467D-A89F-FD19CAB7E4CB}.Ad-Hoc|x64.Build.0 = Debug|Any CPU
		{881DB3C5-E05E-467D-A89F-FD19CAB7E4CB}.Ad-Hoc|x86.ActiveCfg = Debug|Any CPU
		{881DB3C5-E05E-467D-A89F-FD19CAB7E4CB}.Ad-Hoc|x86.Build.0 = Debug|Any CPU
		{881DB3C5-E05E-467D-A89F-FD19CAB7E4CB}.AppStore|Any CPU.ActiveCfg = Debug|Any CPU
		{881DB3C5-E05E-467D-A89F-FD19CAB7E4CB}.AppStore|Any CPU.Build.0 = Debug|Any CPU
		{881DB3C5-E05E-467D-A89F-FD19CAB7E4CB}.AppStore|ARM.ActiveCfg = Debug|Any CPU
		{881DB3C5-E05E-467D-A89F-FD19CAB7E4CB}.AppStore|ARM.Build.0 = Debug|Any CPU
		{881DB3C5-E05E-467D-A89F-FD19CAB7E4CB}.AppStore|iPhone.ActiveCfg = Debug|Any CPU
		{881DB3C5-E05E-467D-A89F-FD19CAB7E4CB}.AppStore|iPhone.Build.0 = Debug|Any CPU
		{881DB3C5-E05E-467D-A89F-FD19CAB7E4CB}.AppStore|iPhoneSimulator.ActiveCfg = Debug|Any CPU
		{881DB3C5-E05E-467D-A89F-FD19CAB7E4CB}.AppStore|iPhoneSimulator.Build.0 = Debug|Any CPU
		{881DB3C5-E05E-467D-A89F-FD19CAB7E4CB}.AppStore|x64.ActiveCfg = Debug|Any CPU
		{881DB3C5-E05E-467D-A89F-FD19CAB7E4CB}.AppStore|x64.Build.0 = Debug|Any CPU
		{881DB3C5-E05E-467D-A89F-FD19CAB7E4CB}.AppStore|x86.ActiveCfg = Debug|Any CPU
		{881DB3C5-E05E-467D-A89F-FD19CAB7E4CB}.AppStore|x86.Build.0 = Debug|Any CPU
		{881DB3C5-E05E-467D-A89F-FD19CAB7E4CB}.Debug|Any CPU.ActiveCfg = Debug|Any CPU
		{881DB3C5-E05E-467D-A89F-FD19CAB7E4CB}.Debug|Any CPU.Build.0 = Debug|Any CPU
		{881DB3C5-E05E-467D-A89F-FD19CAB7E4CB}.Debug|ARM.ActiveCfg = Debug|Any CPU
		{881DB3C5-E05E-467D-A89F-FD19CAB7E4CB}.Debug|ARM.Build.0 = Debug|Any CPU
		{881DB3C5-E05E-467D-A89F-FD19CAB7E4CB}.Debug|iPhone.ActiveCfg = Debug|Any CPU
		{881DB3C5-E05E-467D-A89F-FD19CAB7E4CB}.Debug|iPhone.Build.0 = Debug|Any CPU
		{881DB3C5-E05E-467D-A89F-FD19CAB7E4CB}.Debug|iPhoneSimulator.ActiveCfg = Debug|Any CPU
		{881DB3C5-E05E-467D-A89F-FD19CAB7E4CB}.Debug|iPhoneSimulator.Build.0 = Debug|Any CPU
		{881DB3C5-E05E-467D-A89F-FD19CAB7E4CB}.Debug|x64.ActiveCfg = Debug|Any CPU
		{881DB3C5-E05E-467D-A89F-FD19CAB7E4CB}.Debug|x64.Build.0 = Debug|Any CPU
		{881DB3C5-E05E-467D-A89F-FD19CAB7E4CB}.Debug|x86.ActiveCfg = Debug|Any CPU
		{881DB3C5-E05E-467D-A89F-FD19CAB7E4CB}.Debug|x86.Build.0 = Debug|Any CPU
		{881DB3C5-E05E-467D-A89F-FD19CAB7E4CB}.Release|Any CPU.ActiveCfg = Release|Any CPU
		{881DB3C5-E05E-467D-A89F-FD19CAB7E4CB}.Release|Any CPU.Build.0 = Release|Any CPU
		{881DB3C5-E05E-467D-A89F-FD19CAB7E4CB}.Release|ARM.ActiveCfg = Release|Any CPU
		{881DB3C5-E05E-467D-A89F-FD19CAB7E4CB}.Release|ARM.Build.0 = Release|Any CPU
		{881DB3C5-E05E-467D-A89F-FD19CAB7E4CB}.Release|iPhone.ActiveCfg = Release|Any CPU
		{881DB3C5-E05E-467D-A89F-FD19CAB7E4CB}.Release|iPhone.Build.0 = Release|Any CPU
		{881DB3C5-E05E-467D-A89F-FD19CAB7E4CB}.Release|iPhoneSimulator.ActiveCfg = Release|Any CPU
		{881DB3C5-E05E-467D-A89F-FD19CAB7E4CB}.Release|iPhoneSimulator.Build.0 = Release|Any CPU
		{881DB3C5-E05E-467D-A89F-FD19CAB7E4CB}.Release|x64.ActiveCfg = Release|Any CPU
		{881DB3C5-E05E-467D-A89F-FD19CAB7E4CB}.Release|x64.Build.0 = Release|Any CPU
		{881DB3C5-E05E-467D-A89F-FD19CAB7E4CB}.Release|x86.ActiveCfg = Release|Any CPU
		{881DB3C5-E05E-467D-A89F-FD19CAB7E4CB}.Release|x86.Build.0 = Release|Any CPU
		{C78486D5-4892-441E-9321-74028365DC99}.Ad-Hoc|Any CPU.ActiveCfg = Debug|Any CPU
		{C78486D5-4892-441E-9321-74028365DC99}.Ad-Hoc|Any CPU.Build.0 = Debug|Any CPU
		{C78486D5-4892-441E-9321-74028365DC99}.Ad-Hoc|ARM.ActiveCfg = Debug|Any CPU
		{C78486D5-4892-441E-9321-74028365DC99}.Ad-Hoc|ARM.Build.0 = Debug|Any CPU
		{C78486D5-4892-441E-9321-74028365DC99}.Ad-Hoc|iPhone.ActiveCfg = Debug|Any CPU
		{C78486D5-4892-441E-9321-74028365DC99}.Ad-Hoc|iPhone.Build.0 = Debug|Any CPU
		{C78486D5-4892-441E-9321-74028365DC99}.Ad-Hoc|iPhoneSimulator.ActiveCfg = Debug|Any CPU
		{C78486D5-4892-441E-9321-74028365DC99}.Ad-Hoc|iPhoneSimulator.Build.0 = Debug|Any CPU
		{C78486D5-4892-441E-9321-74028365DC99}.Ad-Hoc|x64.ActiveCfg = Debug|Any CPU
		{C78486D5-4892-441E-9321-74028365DC99}.Ad-Hoc|x64.Build.0 = Debug|Any CPU
		{C78486D5-4892-441E-9321-74028365DC99}.Ad-Hoc|x86.ActiveCfg = Debug|Any CPU
		{C78486D5-4892-441E-9321-74028365DC99}.Ad-Hoc|x86.Build.0 = Debug|Any CPU
		{C78486D5-4892-441E-9321-74028365DC99}.AppStore|Any CPU.ActiveCfg = Debug|Any CPU
		{C78486D5-4892-441E-9321-74028365DC99}.AppStore|Any CPU.Build.0 = Debug|Any CPU
		{C78486D5-4892-441E-9321-74028365DC99}.AppStore|ARM.ActiveCfg = Debug|Any CPU
		{C78486D5-4892-441E-9321-74028365DC99}.AppStore|ARM.Build.0 = Debug|Any CPU
		{C78486D5-4892-441E-9321-74028365DC99}.AppStore|iPhone.ActiveCfg = Debug|Any CPU
		{C78486D5-4892-441E-9321-74028365DC99}.AppStore|iPhone.Build.0 = Debug|Any CPU
		{C78486D5-4892-441E-9321-74028365DC99}.AppStore|iPhoneSimulator.ActiveCfg = Debug|Any CPU
		{C78486D5-4892-441E-9321-74028365DC99}.AppStore|iPhoneSimulator.Build.0 = Debug|Any CPU
		{C78486D5-4892-441E-9321-74028365DC99}.AppStore|x64.ActiveCfg = Debug|Any CPU
		{C78486D5-4892-441E-9321-74028365DC99}.AppStore|x64.Build.0 = Debug|Any CPU
		{C78486D5-4892-441E-9321-74028365DC99}.AppStore|x86.ActiveCfg = Debug|Any CPU
		{C78486D5-4892-441E-9321-74028365DC99}.AppStore|x86.Build.0 = Debug|Any CPU
		{C78486D5-4892-441E-9321-74028365DC99}.Debug|Any CPU.ActiveCfg = Debug|Any CPU
		{C78486D5-4892-441E-9321-74028365DC99}.Debug|Any CPU.Build.0 = Debug|Any CPU
		{C78486D5-4892-441E-9321-74028365DC99}.Debug|ARM.ActiveCfg = Debug|Any CPU
		{C78486D5-4892-441E-9321-74028365DC99}.Debug|ARM.Build.0 = Debug|Any CPU
		{C78486D5-4892-441E-9321-74028365DC99}.Debug|iPhone.ActiveCfg = Debug|Any CPU
		{C78486D5-4892-441E-9321-74028365DC99}.Debug|iPhone.Build.0 = Debug|Any CPU
		{C78486D5-4892-441E-9321-74028365DC99}.Debug|iPhoneSimulator.ActiveCfg = Debug|Any CPU
		{C78486D5-4892-441E-9321-74028365DC99}.Debug|iPhoneSimulator.Build.0 = Debug|Any CPU
		{C78486D5-4892-441E-9321-74028365DC99}.Debug|x64.ActiveCfg = Debug|Any CPU
		{C78486D5-4892-441E-9321-74028365DC99}.Debug|x64.Build.0 = Debug|Any CPU
		{C78486D5-4892-441E-9321-74028365DC99}.Debug|x86.ActiveCfg = Debug|Any CPU
		{C78486D5-4892-441E-9321-74028365DC99}.Debug|x86.Build.0 = Debug|Any CPU
		{C78486D5-4892-441E-9321-74028365DC99}.Release|Any CPU.ActiveCfg = Release|Any CPU
		{C78486D5-4892-441E-9321-74028365DC99}.Release|Any CPU.Build.0 = Release|Any CPU
		{C78486D5-4892-441E-9321-74028365DC99}.Release|ARM.ActiveCfg = Release|Any CPU
		{C78486D5-4892-441E-9321-74028365DC99}.Release|ARM.Build.0 = Release|Any CPU
		{C78486D5-4892-441E-9321-74028365DC99}.Release|iPhone.ActiveCfg = Release|Any CPU
		{C78486D5-4892-441E-9321-74028365DC99}.Release|iPhone.Build.0 = Release|Any CPU
		{C78486D5-4892-441E-9321-74028365DC99}.Release|iPhoneSimulator.ActiveCfg = Release|Any CPU
		{C78486D5-4892-441E-9321-74028365DC99}.Release|iPhoneSimulator.Build.0 = Release|Any CPU
		{C78486D5-4892-441E-9321-74028365DC99}.Release|x64.ActiveCfg = Release|Any CPU
		{C78486D5-4892-441E-9321-74028365DC99}.Release|x64.Build.0 = Release|Any CPU
		{C78486D5-4892-441E-9321-74028365DC99}.Release|x86.ActiveCfg = Release|Any CPU
		{C78486D5-4892-441E-9321-74028365DC99}.Release|x86.Build.0 = Release|Any CPU
		{7EAD8523-D552-4F37-AFBF-591B162596EF}.Ad-Hoc|Any CPU.ActiveCfg = Debug|Any CPU
		{7EAD8523-D552-4F37-AFBF-591B162596EF}.Ad-Hoc|Any CPU.Build.0 = Debug|Any CPU
		{7EAD8523-D552-4F37-AFBF-591B162596EF}.Ad-Hoc|ARM.ActiveCfg = Debug|Any CPU
		{7EAD8523-D552-4F37-AFBF-591B162596EF}.Ad-Hoc|ARM.Build.0 = Debug|Any CPU
		{7EAD8523-D552-4F37-AFBF-591B162596EF}.Ad-Hoc|iPhone.ActiveCfg = Debug|Any CPU
		{7EAD8523-D552-4F37-AFBF-591B162596EF}.Ad-Hoc|iPhone.Build.0 = Debug|Any CPU
		{7EAD8523-D552-4F37-AFBF-591B162596EF}.Ad-Hoc|iPhoneSimulator.ActiveCfg = Debug|Any CPU
		{7EAD8523-D552-4F37-AFBF-591B162596EF}.Ad-Hoc|iPhoneSimulator.Build.0 = Debug|Any CPU
		{7EAD8523-D552-4F37-AFBF-591B162596EF}.Ad-Hoc|x64.ActiveCfg = Debug|Any CPU
		{7EAD8523-D552-4F37-AFBF-591B162596EF}.Ad-Hoc|x64.Build.0 = Debug|Any CPU
		{7EAD8523-D552-4F37-AFBF-591B162596EF}.Ad-Hoc|x86.ActiveCfg = Debug|Any CPU
		{7EAD8523-D552-4F37-AFBF-591B162596EF}.Ad-Hoc|x86.Build.0 = Debug|Any CPU
		{7EAD8523-D552-4F37-AFBF-591B162596EF}.AppStore|Any CPU.ActiveCfg = Debug|Any CPU
		{7EAD8523-D552-4F37-AFBF-591B162596EF}.AppStore|Any CPU.Build.0 = Debug|Any CPU
		{7EAD8523-D552-4F37-AFBF-591B162596EF}.AppStore|ARM.ActiveCfg = Debug|Any CPU
		{7EAD8523-D552-4F37-AFBF-591B162596EF}.AppStore|ARM.Build.0 = Debug|Any CPU
		{7EAD8523-D552-4F37-AFBF-591B162596EF}.AppStore|iPhone.ActiveCfg = Debug|Any CPU
		{7EAD8523-D552-4F37-AFBF-591B162596EF}.AppStore|iPhone.Build.0 = Debug|Any CPU
		{7EAD8523-D552-4F37-AFBF-591B162596EF}.AppStore|iPhoneSimulator.ActiveCfg = Debug|Any CPU
		{7EAD8523-D552-4F37-AFBF-591B162596EF}.AppStore|iPhoneSimulator.Build.0 = Debug|Any CPU
		{7EAD8523-D552-4F37-AFBF-591B162596EF}.AppStore|x64.ActiveCfg = Debug|Any CPU
		{7EAD8523-D552-4F37-AFBF-591B162596EF}.AppStore|x64.Build.0 = Debug|Any CPU
		{7EAD8523-D552-4F37-AFBF-591B162596EF}.AppStore|x86.ActiveCfg = Debug|Any CPU
		{7EAD8523-D552-4F37-AFBF-591B162596EF}.AppStore|x86.Build.0 = Debug|Any CPU
		{7EAD8523-D552-4F37-AFBF-591B162596EF}.Debug|Any CPU.ActiveCfg = Debug|Any CPU
		{7EAD8523-D552-4F37-AFBF-591B162596EF}.Debug|Any CPU.Build.0 = Debug|Any CPU
		{7EAD8523-D552-4F37-AFBF-591B162596EF}.Debug|ARM.ActiveCfg = Debug|Any CPU
		{7EAD8523-D552-4F37-AFBF-591B162596EF}.Debug|ARM.Build.0 = Debug|Any CPU
		{7EAD8523-D552-4F37-AFBF-591B162596EF}.Debug|iPhone.ActiveCfg = Debug|Any CPU
		{7EAD8523-D552-4F37-AFBF-591B162596EF}.Debug|iPhone.Build.0 = Debug|Any CPU
		{7EAD8523-D552-4F37-AFBF-591B162596EF}.Debug|iPhoneSimulator.ActiveCfg = Debug|Any CPU
		{7EAD8523-D552-4F37-AFBF-591B162596EF}.Debug|iPhoneSimulator.Build.0 = Debug|Any CPU
		{7EAD8523-D552-4F37-AFBF-591B162596EF}.Debug|x64.ActiveCfg = Debug|Any CPU
		{7EAD8523-D552-4F37-AFBF-591B162596EF}.Debug|x64.Build.0 = Debug|Any CPU
		{7EAD8523-D552-4F37-AFBF-591B162596EF}.Debug|x86.ActiveCfg = Debug|Any CPU
		{7EAD8523-D552-4F37-AFBF-591B162596EF}.Debug|x86.Build.0 = Debug|Any CPU
		{7EAD8523-D552-4F37-AFBF-591B162596EF}.Release|Any CPU.ActiveCfg = Release|Any CPU
		{7EAD8523-D552-4F37-AFBF-591B162596EF}.Release|Any CPU.Build.0 = Release|Any CPU
		{7EAD8523-D552-4F37-AFBF-591B162596EF}.Release|ARM.ActiveCfg = Release|Any CPU
		{7EAD8523-D552-4F37-AFBF-591B162596EF}.Release|ARM.Build.0 = Release|Any CPU
		{7EAD8523-D552-4F37-AFBF-591B162596EF}.Release|iPhone.ActiveCfg = Release|Any CPU
		{7EAD8523-D552-4F37-AFBF-591B162596EF}.Release|iPhone.Build.0 = Release|Any CPU
		{7EAD8523-D552-4F37-AFBF-591B162596EF}.Release|iPhoneSimulator.ActiveCfg = Release|Any CPU
		{7EAD8523-D552-4F37-AFBF-591B162596EF}.Release|iPhoneSimulator.Build.0 = Release|Any CPU
		{7EAD8523-D552-4F37-AFBF-591B162596EF}.Release|x64.ActiveCfg = Release|Any CPU
		{7EAD8523-D552-4F37-AFBF-591B162596EF}.Release|x64.Build.0 = Release|Any CPU
		{7EAD8523-D552-4F37-AFBF-591B162596EF}.Release|x86.ActiveCfg = Release|Any CPU
		{7EAD8523-D552-4F37-AFBF-591B162596EF}.Release|x86.Build.0 = Release|Any CPU
		{1C81FBFE-3466-43EE-9FAC-BEA946E89337}.Ad-Hoc|Any CPU.ActiveCfg = Debug|Any CPU
		{1C81FBFE-3466-43EE-9FAC-BEA946E89337}.Ad-Hoc|Any CPU.Build.0 = Debug|Any CPU
		{1C81FBFE-3466-43EE-9FAC-BEA946E89337}.Ad-Hoc|ARM.ActiveCfg = Debug|Any CPU
		{1C81FBFE-3466-43EE-9FAC-BEA946E89337}.Ad-Hoc|ARM.Build.0 = Debug|Any CPU
		{1C81FBFE-3466-43EE-9FAC-BEA946E89337}.Ad-Hoc|iPhone.ActiveCfg = Debug|Any CPU
		{1C81FBFE-3466-43EE-9FAC-BEA946E89337}.Ad-Hoc|iPhone.Build.0 = Debug|Any CPU
		{1C81FBFE-3466-43EE-9FAC-BEA946E89337}.Ad-Hoc|iPhoneSimulator.ActiveCfg = Debug|Any CPU
		{1C81FBFE-3466-43EE-9FAC-BEA946E89337}.Ad-Hoc|iPhoneSimulator.Build.0 = Debug|Any CPU
		{1C81FBFE-3466-43EE-9FAC-BEA946E89337}.Ad-Hoc|x64.ActiveCfg = Debug|Any CPU
		{1C81FBFE-3466-43EE-9FAC-BEA946E89337}.Ad-Hoc|x64.Build.0 = Debug|Any CPU
		{1C81FBFE-3466-43EE-9FAC-BEA946E89337}.Ad-Hoc|x86.ActiveCfg = Debug|Any CPU
		{1C81FBFE-3466-43EE-9FAC-BEA946E89337}.Ad-Hoc|x86.Build.0 = Debug|Any CPU
		{1C81FBFE-3466-43EE-9FAC-BEA946E89337}.AppStore|Any CPU.ActiveCfg = Debug|Any CPU
		{1C81FBFE-3466-43EE-9FAC-BEA946E89337}.AppStore|Any CPU.Build.0 = Debug|Any CPU
		{1C81FBFE-3466-43EE-9FAC-BEA946E89337}.AppStore|ARM.ActiveCfg = Debug|Any CPU
		{1C81FBFE-3466-43EE-9FAC-BEA946E89337}.AppStore|ARM.Build.0 = Debug|Any CPU
		{1C81FBFE-3466-43EE-9FAC-BEA946E89337}.AppStore|iPhone.ActiveCfg = Debug|Any CPU
		{1C81FBFE-3466-43EE-9FAC-BEA946E89337}.AppStore|iPhone.Build.0 = Debug|Any CPU
		{1C81FBFE-3466-43EE-9FAC-BEA946E89337}.AppStore|iPhoneSimulator.ActiveCfg = Debug|Any CPU
		{1C81FBFE-3466-43EE-9FAC-BEA946E89337}.AppStore|iPhoneSimulator.Build.0 = Debug|Any CPU
		{1C81FBFE-3466-43EE-9FAC-BEA946E89337}.AppStore|x64.ActiveCfg = Debug|Any CPU
		{1C81FBFE-3466-43EE-9FAC-BEA946E89337}.AppStore|x64.Build.0 = Debug|Any CPU
		{1C81FBFE-3466-43EE-9FAC-BEA946E89337}.AppStore|x86.ActiveCfg = Debug|Any CPU
		{1C81FBFE-3466-43EE-9FAC-BEA946E89337}.AppStore|x86.Build.0 = Debug|Any CPU
		{1C81FBFE-3466-43EE-9FAC-BEA946E89337}.Debug|Any CPU.ActiveCfg = Debug|Any CPU
		{1C81FBFE-3466-43EE-9FAC-BEA946E89337}.Debug|Any CPU.Build.0 = Debug|Any CPU
		{1C81FBFE-3466-43EE-9FAC-BEA946E89337}.Debug|ARM.ActiveCfg = Debug|Any CPU
		{1C81FBFE-3466-43EE-9FAC-BEA946E89337}.Debug|ARM.Build.0 = Debug|Any CPU
		{1C81FBFE-3466-43EE-9FAC-BEA946E89337}.Debug|iPhone.ActiveCfg = Debug|Any CPU
		{1C81FBFE-3466-43EE-9FAC-BEA946E89337}.Debug|iPhone.Build.0 = Debug|Any CPU
		{1C81FBFE-3466-43EE-9FAC-BEA946E89337}.Debug|iPhoneSimulator.ActiveCfg = Debug|Any CPU
		{1C81FBFE-3466-43EE-9FAC-BEA946E89337}.Debug|iPhoneSimulator.Build.0 = Debug|Any CPU
		{1C81FBFE-3466-43EE-9FAC-BEA946E89337}.Debug|x64.ActiveCfg = Debug|Any CPU
		{1C81FBFE-3466-43EE-9FAC-BEA946E89337}.Debug|x64.Build.0 = Debug|Any CPU
		{1C81FBFE-3466-43EE-9FAC-BEA946E89337}.Debug|x86.ActiveCfg = Debug|Any CPU
		{1C81FBFE-3466-43EE-9FAC-BEA946E89337}.Debug|x86.Build.0 = Debug|Any CPU
		{1C81FBFE-3466-43EE-9FAC-BEA946E89337}.Release|Any CPU.ActiveCfg = Release|Any CPU
		{1C81FBFE-3466-43EE-9FAC-BEA946E89337}.Release|Any CPU.Build.0 = Release|Any CPU
		{1C81FBFE-3466-43EE-9FAC-BEA946E89337}.Release|ARM.ActiveCfg = Release|Any CPU
		{1C81FBFE-3466-43EE-9FAC-BEA946E89337}.Release|ARM.Build.0 = Release|Any CPU
		{1C81FBFE-3466-43EE-9FAC-BEA946E89337}.Release|iPhone.ActiveCfg = Release|Any CPU
		{1C81FBFE-3466-43EE-9FAC-BEA946E89337}.Release|iPhone.Build.0 = Release|Any CPU
		{1C81FBFE-3466-43EE-9FAC-BEA946E89337}.Release|iPhoneSimulator.ActiveCfg = Release|Any CPU
		{1C81FBFE-3466-43EE-9FAC-BEA946E89337}.Release|iPhoneSimulator.Build.0 = Release|Any CPU
		{1C81FBFE-3466-43EE-9FAC-BEA946E89337}.Release|x64.ActiveCfg = Release|Any CPU
		{1C81FBFE-3466-43EE-9FAC-BEA946E89337}.Release|x64.Build.0 = Release|Any CPU
		{1C81FBFE-3466-43EE-9FAC-BEA946E89337}.Release|x86.ActiveCfg = Release|Any CPU
		{1C81FBFE-3466-43EE-9FAC-BEA946E89337}.Release|x86.Build.0 = Release|Any CPU
	EndGlobalSection
	GlobalSection(SolutionProperties) = preSolution
		HideSolutionNode = FALSE
	EndGlobalSection
	GlobalSection(NestedProjects) = preSolution
		{99D4D68A-0A0F-4B1C-939A-08B3AA3AAC61} = {E5150BA8-1255-447F-A3BE-74ABC4C35C32}
		{1CA20579-B5BA-4983-98A7-94D021433F0D} = {E5150BA8-1255-447F-A3BE-74ABC4C35C32}
		{085ABC4F-F64C-4EE8-A051-85613D258774} = {E5150BA8-1255-447F-A3BE-74ABC4C35C32}
	EndGlobalSection
	GlobalSection(ExtensibilityGlobals) = postSolution
		SolutionGuid = {A4CEB03A-6F86-426F-937C-C834AB9CDC7D}
	EndGlobalSection
EndGlobal
